// !$*UTF8*$!
{
	archiveVersion = 1;
	classes = {
	};
	objectVersion = 77;
	objects = {

/* Begin PBXBuildFile section */
		0CFFD3FA2DEFD27400403B0D /* RealmSwift in Frameworks */ = {isa = PBXBuildFile; productRef = 0CFFD3F92DEFD27400403B0D /* RealmSwift */; };
		0CFFD3FD2DEFE14300403B0D /* Kingfisher in Frameworks */ = {isa = PBXBuildFile; productRef = 0CFFD3FC2DEFE14300403B0D /* Kingfisher */; };
		0CFFD4002DEFE18A00403B0D /* Swinject in Frameworks */ = {isa = PBXBuildFile; productRef = 0CFFD3FF2DEFE18A00403B0D /* Swinject */; };
		0CFFD4032DEFE1A300403B0D /* SnapKit in Frameworks */ = {isa = PBXBuildFile; productRef = 0CFFD4022DEFE1A300403B0D /* SnapKit */; };
		0CFFD4082DEFE31300403B0D /* RxCocoa in Frameworks */ = {isa = PBXBuildFile; productRef = 0CFFD4072DEFE31300403B0D /* RxCocoa */; };
		0CFFD40A2DEFE31300403B0D /* RxRelay in Frameworks */ = {isa = PBXBuildFile; productRef = 0CFFD4092DEFE31300403B0D /* RxRelay */; };
		0CFFD40C2DEFE31300403B0D /* RxSwift in Frameworks */ = {isa = PBXBuildFile; productRef = 0CFFD40B2DEFE31300403B0D /* RxSwift */; };
		0CFFD4112DEFE36B00403B0D /* Moya in Frameworks */ = {isa = PBXBuildFile; productRef = 0CFFD4102DEFE36B00403B0D /* Moya */; };
/* End PBXBuildFile section */

/* Begin PBXContainerItemProxy section */
		0CFFD3BC2DEFCEE900403B0D /* PBXContainerItemProxy */ = {
			isa = PBXContainerItemProxy;
			containerPortal = 0CFFD39D2DEFCEE700403B0D /* Project object */;
			proxyType = 1;
			remoteGlobalIDString = 0CFFD3A42DEFCEE700403B0D;
			remoteInfo = TymeXAssignmentUIKit;
		};
		0CFFD3C62DEFCEE900403B0D /* PBXContainerItemProxy */ = {
			isa = PBXContainerItemProxy;
			containerPortal = 0CFFD39D2DEFCEE700403B0D /* Project object */;
			proxyType = 1;
			remoteGlobalIDString = 0CFFD3A42DEFCEE700403B0D;
			remoteInfo = TymeXAssignmentUIKit;
		};
/* End PBXContainerItemProxy section */

/* Begin PBXFileReference section */
		0CFFD3A52DEFCEE700403B0D /* TymeXAssignmentUIKit.app */ = {isa = PBXFileReference; explicitFileType = wrapper.application; includeInIndex = 0; path = TymeXAssignmentUIKit.app; sourceTree = BUILT_PRODUCTS_DIR; };
		0CFFD3BB2DEFCEE900403B0D /* TymeXAssignmentUIKitTests.xctest */ = {isa = PBXFileReference; explicitFileType = wrapper.cfbundle; includeInIndex = 0; path = TymeXAssignmentUIKitTests.xctest; sourceTree = BUILT_PRODUCTS_DIR; };
		0CFFD3C52DEFCEE900403B0D /* TymeXAssignmentUIKitUITests.xctest */ = {isa = PBXFileReference; explicitFileType = wrapper.cfbundle; includeInIndex = 0; path = TymeXAssignmentUIKitUITests.xctest; sourceTree = BUILT_PRODUCTS_DIR; };
/* End PBXFileReference section */

/* Begin PBXFileSystemSynchronizedBuildFileExceptionSet section */
		0CFFD3CD2DEFCEE900403B0D /* Exceptions for "TymeXAssignmentUIKit" folder in "TymeXAssignmentUIKit" target */ = {
			isa = PBXFileSystemSynchronizedBuildFileExceptionSet;
			membershipExceptions = (
				Info.plist,
			);
			target = 0CFFD3A42DEFCEE700403B0D /* TymeXAssignmentUIKit */;
		};
/* End PBXFileSystemSynchronizedBuildFileExceptionSet section */

/* Begin PBXFileSystemSynchronizedRootGroup section */
		0CFFD3A72DEFCEE700403B0D /* TymeXAssignmentUIKit */ = {
			isa = PBXFileSystemSynchronizedRootGroup;
			exceptions = (
				0CFFD3CD2DEFCEE900403B0D /* Exceptions for "TymeXAssignmentUIKit" folder in "TymeXAssignmentUIKit" target */,
			);
			path = TymeXAssignmentUIKit;
			sourceTree = "<group>";
		};
		0CFFD3BE2DEFCEE900403B0D /* TymeXAssignmentUIKitTests */ = {
			isa = PBXFileSystemSynchronizedRootGroup;
			path = TymeXAssignmentUIKitTests;
			sourceTree = "<group>";
		};
		0CFFD3C82DEFCEE900403B0D /* TymeXAssignmentUIKitUITests */ = {
			isa = PBXFileSystemSynchronizedRootGroup;
			path = TymeXAssignmentUIKitUITests;
			sourceTree = "<group>";
		};
/* End PBXFileSystemSynchronizedRootGroup section */

/* Begin PBXFrameworksBuildPhase section */
		0CFFD3A22DEFCEE700403B0D /* Frameworks */ = {
			isa = PBXFrameworksBuildPhase;
			buildActionMask = 2147483647;
			files = (
				0CFFD4082DEFE31300403B0D /* RxCocoa in Frameworks */,
				0CFFD3FD2DEFE14300403B0D /* Kingfisher in Frameworks */,
				0CFFD4112DEFE36B00403B0D /* Moya in Frameworks */,
				0CFFD40A2DEFE31300403B0D /* RxRelay in Frameworks */,
				0CFFD4032DEFE1A300403B0D /* SnapKit in Frameworks */,
				0CFFD3FA2DEFD27400403B0D /* RealmSwift in Frameworks */,
				0CFFD4002DEFE18A00403B0D /* Swinject in Frameworks */,
				0CFFD40C2DEFE31300403B0D /* RxSwift in Frameworks */,
			);
			runOnlyForDeploymentPostprocessing = 0;
		};
		0CFFD3B82DEFCEE900403B0D /* Frameworks */ = {
			isa = PBXFrameworksBuildPhase;
			buildActionMask = 2147483647;
			files = (
			);
			runOnlyForDeploymentPostprocessing = 0;
		};
		0CFFD3C22DEFCEE900403B0D /* Frameworks */ = {
			isa = PBXFrameworksBuildPhase;
			buildActionMask = 2147483647;
			files = (
			);
			runOnlyForDeploymentPostprocessing = 0;
		};
/* End PBXFrameworksBuildPhase section */

/* Begin PBXGroup section */
		0CFFD39C2DEFCEE700403B0D = {
			isa = PBXGroup;
			children = (
				0CFFD3A72DEFCEE700403B0D /* TymeXAssignmentUIKit */,
				0CFFD3BE2DEFCEE900403B0D /* TymeXAssignmentUIKitTests */,
				0CFFD3C82DEFCEE900403B0D /* TymeXAssignmentUIKitUITests */,
				0CFFD3A62DEFCEE700403B0D /* Products */,
			);
			sourceTree = "<group>";
		};
		0CFFD3A62DEFCEE700403B0D /* Products */ = {
			isa = PBXGroup;
			children = (
				0CFFD3A52DEFCEE700403B0D /* TymeXAssignmentUIKit.app */,
				0CFFD3BB2DEFCEE900403B0D /* TymeXAssignmentUIKitTests.xctest */,
				0CFFD3C52DEFCEE900403B0D /* TymeXAssignmentUIKitUITests.xctest */,
			);
			name = Products;
			sourceTree = "<group>";
		};
/* End PBXGroup section */

/* Begin PBXNativeTarget section */
		0CFFD3A42DEFCEE700403B0D /* TymeXAssignmentUIKit */ = {
			isa = PBXNativeTarget;
			buildConfigurationList = 0CFFD3CE2DEFCEE900403B0D /* Build configuration list for PBXNativeTarget "TymeXAssignmentUIKit" */;
			buildPhases = (
				0CFFD3A12DEFCEE700403B0D /* Sources */,
				0CFFD3A22DEFCEE700403B0D /* Frameworks */,
				0CFFD3A32DEFCEE700403B0D /* Resources */,
			);
			buildRules = (
			);
			dependencies = (
			);
			fileSystemSynchronizedGroups = (
				0CFFD3A72DEFCEE700403B0D /* TymeXAssignmentUIKit */,
			);
			name = TymeXAssignmentUIKit;
			packageProductDependencies = (
				0CFFD3F92DEFD27400403B0D /* RealmSwift */,
				0CFFD3FC2DEFE14300403B0D /* Kingfisher */,
				0CFFD3FF2DEFE18A00403B0D /* Swinject */,
				0CFFD4022DEFE1A300403B0D /* SnapKit */,
				0CFFD4072DEFE31300403B0D /* RxCocoa */,
				0CFFD4092DEFE31300403B0D /* RxRelay */,
				0CFFD40B2DEFE31300403B0D /* RxSwift */,
				0CFFD4102DEFE36B00403B0D /* Moya */,
			);
			productName = TymeXAssignmentUIKit;
			productReference = 0CFFD3A52DEFCEE700403B0D /* TymeXAssignmentUIKit.app */;
			productType = "com.apple.product-type.application";
		};
		0CFFD3BA2DEFCEE900403B0D /* TymeXAssignmentUIKitTests */ = {
			isa = PBXNativeTarget;
			buildConfigurationList = 0CFFD3D32DEFCEE900403B0D /* Build configuration list for PBXNativeTarget "TymeXAssignmentUIKitTests" */;
			buildPhases = (
				0CFFD3B72DEFCEE900403B0D /* Sources */,
				0CFFD3B82DEFCEE900403B0D /* Frameworks */,
				0CFFD3B92DEFCEE900403B0D /* Resources */,
			);
			buildRules = (
			);
			dependencies = (
				0CFFD3BD2DEFCEE900403B0D /* PBXTargetDependency */,
			);
			fileSystemSynchronizedGroups = (
				0CFFD3BE2DEFCEE900403B0D /* TymeXAssignmentUIKitTests */,
			);
			name = TymeXAssignmentUIKitTests;
			packageProductDependencies = (
			);
			productName = TymeXAssignmentUIKitTests;
			productReference = 0CFFD3BB2DEFCEE900403B0D /* TymeXAssignmentUIKitTests.xctest */;
			productType = "com.apple.product-type.bundle.unit-test";
		};
		0CFFD3C42DEFCEE900403B0D /* TymeXAssignmentUIKitUITests */ = {
			isa = PBXNativeTarget;
			buildConfigurationList = 0CFFD3D62DEFCEE900403B0D /* Build configuration list for PBXNativeTarget "TymeXAssignmentUIKitUITests" */;
			buildPhases = (
				0CFFD3C12DEFCEE900403B0D /* Sources */,
				0CFFD3C22DEFCEE900403B0D /* Frameworks */,
				0CFFD3C32DEFCEE900403B0D /* Resources */,
			);
			buildRules = (
			);
			dependencies = (
				0CFFD3C72DEFCEE900403B0D /* PBXTargetDependency */,
			);
			fileSystemSynchronizedGroups = (
				0CFFD3C82DEFCEE900403B0D /* TymeXAssignmentUIKitUITests */,
			);
			name = TymeXAssignmentUIKitUITests;
			packageProductDependencies = (
			);
			productName = TymeXAssignmentUIKitUITests;
			productReference = 0CFFD3C52DEFCEE900403B0D /* TymeXAssignmentUIKitUITests.xctest */;
			productType = "com.apple.product-type.bundle.ui-testing";
		};
/* End PBXNativeTarget section */

/* Begin PBXProject section */
		0CFFD39D2DEFCEE700403B0D /* Project object */ = {
			isa = PBXProject;
			attributes = {
				BuildIndependentTargetsInParallel = 1;
				LastSwiftUpdateCheck = 1640;
				LastUpgradeCheck = 1640;
				TargetAttributes = {
					0CFFD3A42DEFCEE700403B0D = {
						CreatedOnToolsVersion = 16.4;
					};
					0CFFD3BA2DEFCEE900403B0D = {
						CreatedOnToolsVersion = 16.4;
						TestTargetID = 0CFFD3A42DEFCEE700403B0D;
					};
					0CFFD3C42DEFCEE900403B0D = {
						CreatedOnToolsVersion = 16.4;
						TestTargetID = 0CFFD3A42DEFCEE700403B0D;
					};
				};
			};
			buildConfigurationList = 0CFFD3A02DEFCEE700403B0D /* Build configuration list for PBXProject "TymeXAssignmentUIKit" */;
			developmentRegion = en;
			hasScannedForEncodings = 0;
			knownRegions = (
				en,
				Base,
			);
			mainGroup = 0CFFD39C2DEFCEE700403B0D;
			minimizedProjectReferenceProxies = 1;
			packageReferences = (
				0CFFD3F82DEFD27400403B0D /* XCRemoteSwiftPackageReference "realm-swift" */,
				0CFFD3FB2DEFE14300403B0D /* XCRemoteSwiftPackageReference "Kingfisher" */,
				0CFFD3FE2DEFE18A00403B0D /* XCRemoteSwiftPackageReference "Swinject" */,
				0CFFD4012DEFE1A300403B0D /* XCRemoteSwiftPackageReference "SnapKit" */,
				0CFFD4042DEFE31300403B0D /* XCRemoteSwiftPackageReference "RxSwift" */,
				0CFFD40F2DEFE36B00403B0D /* XCRemoteSwiftPackageReference "Moya" */,
			);
			preferredProjectObjectVersion = 77;
			productRefGroup = 0CFFD3A62DEFCEE700403B0D /* Products */;
			projectDirPath = "";
			projectRoot = "";
			targets = (
				0CFFD3A42DEFCEE700403B0D /* TymeXAssignmentUIKit */,
				0CFFD3BA2DEFCEE900403B0D /* TymeXAssignmentUIKitTests */,
				0CFFD3C42DEFCEE900403B0D /* TymeXAssignmentUIKitUITests */,
			);
		};
/* End PBXProject section */

/* Begin PBXResourcesBuildPhase section */
		0CFFD3A32DEFCEE700403B0D /* Resources */ = {
			isa = PBXResourcesBuildPhase;
			buildActionMask = 2147483647;
			files = (
			);
			runOnlyForDeploymentPostprocessing = 0;
		};
		0CFFD3B92DEFCEE900403B0D /* Resources */ = {
			isa = PBXResourcesBuildPhase;
			buildActionMask = 2147483647;
			files = (
			);
			runOnlyForDeploymentPostprocessing = 0;
		};
		0CFFD3C32DEFCEE900403B0D /* Resources */ = {
			isa = PBXResourcesBuildPhase;
			buildActionMask = 2147483647;
			files = (
			);
			runOnlyForDeploymentPostprocessing = 0;
		};
/* End PBXResourcesBuildPhase section */

/* Begin PBXSourcesBuildPhase section */
		0CFFD3A12DEFCEE700403B0D /* Sources */ = {
			isa = PBXSourcesBuildPhase;
			buildActionMask = 2147483647;
			files = (
			);
			runOnlyForDeploymentPostprocessing = 0;
		};
		0CFFD3B72DEFCEE900403B0D /* Sources */ = {
			isa = PBXSourcesBuildPhase;
			buildActionMask = 2147483647;
			files = (
			);
			runOnlyForDeploymentPostprocessing = 0;
		};
		0CFFD3C12DEFCEE900403B0D /* Sources */ = {
			isa = PBXSourcesBuildPhase;
			buildActionMask = 2147483647;
			files = (
			);
			runOnlyForDeploymentPostprocessing = 0;
		};
/* End PBXSourcesBuildPhase section */

/* Begin PBXTargetDependency section */
		0CFFD3BD2DEFCEE900403B0D /* PBXTargetDependency */ = {
			isa = PBXTargetDependency;
			target = 0CFFD3A42DEFCEE700403B0D /* TymeXAssignmentUIKit */;
			targetProxy = 0CFFD3BC2DEFCEE900403B0D /* PBXContainerItemProxy */;
		};
		0CFFD3C72DEFCEE900403B0D /* PBXTargetDependency */ = {
			isa = PBXTargetDependency;
			target = 0CFFD3A42DEFCEE700403B0D /* TymeXAssignmentUIKit */;
			targetProxy = 0CFFD3C62DEFCEE900403B0D /* PBXContainerItemProxy */;
		};
/* End PBXTargetDependency section */

/* Begin XCBuildConfiguration section */
		0CFFD3CF2DEFCEE900403B0D /* Debug */ = {
			isa = XCBuildConfiguration;
			buildSettings = {
				ASSETCATALOG_COMPILER_APPICON_NAME = AppIcon;
				ASSETCATALOG_COMPILER_GLOBAL_ACCENT_COLOR_NAME = AccentColor;
				CODE_SIGN_STYLE = Automatic;
				CURRENT_PROJECT_VERSION = 1;
				DEVELOPMENT_TEAM = 7MS53B2RB2;
				GENERATE_INFOPLIST_FILE = YES;
				INFOPLIST_FILE = TymeXAssignmentUIKit/Info.plist;
				INFOPLIST_KEY_UIApplicationSupportsIndirectInputEvents = YES;
				INFOPLIST_KEY_UILaunchStoryboardName = LaunchScreen;
				INFOPLIST_KEY_UIMainStoryboardFile = Main;
				INFOPLIST_KEY_UISupportedInterfaceOrientations_iPad = "UIInterfaceOrientationPortrait UIInterfaceOrientationPortraitUpsideDown UIInterfaceOrientationLandscapeLeft UIInterfaceOrientationLandscapeRight";
				INFOPLIST_KEY_UISupportedInterfaceOrientations_iPhone = "UIInterfaceOrientationPortrait UIInterfaceOrientationLandscapeLeft UIInterfaceOrientationLandscapeRight";
				LD_RUNPATH_SEARCH_PATHS = (
					"$(inherited)",
					"@executable_path/Frameworks",
				);
				MARKETING_VERSION = 1.0;
				PRODUCT_BUNDLE_IDENTIFIER = com.thanhhvt.TymeXAssignmentUIKit;
				PRODUCT_NAME = "$(TARGET_NAME)";
				SWIFT_EMIT_LOC_STRINGS = YES;
				SWIFT_VERSION = 5.0;
				TARGETED_DEVICE_FAMILY = "1,2";
			};
			name = Debug;
		};
		0CFFD3D02DEFCEE900403B0D /* Release */ = {
			isa = XCBuildConfiguration;
			buildSettings = {
				ASSETCATALOG_COMPILER_APPICON_NAME = AppIcon;
				ASSETCATALOG_COMPILER_GLOBAL_ACCENT_COLOR_NAME = AccentColor;
				CODE_SIGN_STYLE = Automatic;
				CURRENT_PROJECT_VERSION = 1;
				DEVELOPMENT_TEAM = 7MS53B2RB2;
				GENERATE_INFOPLIST_FILE = YES;
				INFOPLIST_FILE = TymeXAssignmentUIKit/Info.plist;
				INFOPLIST_KEY_UIApplicationSupportsIndirectInputEvents = YES;
				INFOPLIST_KEY_UILaunchStoryboardName = LaunchScreen;
				INFOPLIST_KEY_UIMainStoryboardFile = Main;
				INFOPLIST_KEY_UISupportedInterfaceOrientations_iPad = "UIInterfaceOrientationPortrait UIInterfaceOrientationPortraitUpsideDown UIInterfaceOrientationLandscapeLeft UIInterfaceOrientationLandscapeRight";
				INFOPLIST_KEY_UISupportedInterfaceOrientations_iPhone = "UIInterfaceOrientationPortrait UIInterfaceOrientationLandscapeLeft UIInterfaceOrientationLandscapeRight";
				LD_RUNPATH_SEARCH_PATHS = (
					"$(inherited)",
					"@executable_path/Frameworks",
				);
				MARKETING_VERSION = 1.0;
				PRODUCT_BUNDLE_IDENTIFIER = com.thanhhvt.TymeXAssignmentUIKit;
				PRODUCT_NAME = "$(TARGET_NAME)";
				SWIFT_EMIT_LOC_STRINGS = YES;
				SWIFT_VERSION = 5.0;
				TARGETED_DEVICE_FAMILY = "1,2";
			};
			name = Release;
		};
		0CFFD3D12DEFCEE900403B0D /* Debug */ = {
			isa = XCBuildConfiguration;
			buildSettings = {
				ALWAYS_SEARCH_USER_PATHS = NO;
				ASSETCATALOG_COMPILER_GENERATE_SWIFT_ASSET_SYMBOL_EXTENSIONS = YES;
				CLANG_ANALYZER_NONNULL = YES;
				CLANG_ANALYZER_NUMBER_OBJECT_CONVERSION = YES_AGGRESSIVE;
				CLANG_CXX_LANGUAGE_STANDARD = "gnu++20";
				CLANG_ENABLE_MODULES = YES;
				CLANG_ENABLE_OBJC_ARC = YES;
				CLANG_ENABLE_OBJC_WEAK = YES;
				CLANG_WARN_BLOCK_CAPTURE_AUTORELEASING = YES;
				CLANG_WARN_BOOL_CONVERSION = YES;
				CLANG_WARN_COMMA = YES;
				CLANG_WARN_CONSTANT_CONVERSION = YES;
				CLANG_WARN_DEPRECATED_OBJC_IMPLEMENTATIONS = YES;
				CLANG_WARN_DIRECT_OBJC_ISA_USAGE = YES_ERROR;
				CLANG_WARN_DOCUMENTATION_COMMENTS = YES;
				CLANG_WARN_EMPTY_BODY = YES;
				CLANG_WARN_ENUM_CONVERSION = YES;
				CLANG_WARN_INFINITE_RECURSION = YES;
				CLANG_WARN_INT_CONVERSION = YES;
				CLANG_WARN_NON_LITERAL_NULL_CONVERSION = YES;
				CLANG_WARN_OBJC_IMPLICIT_RETAIN_SELF = YES;
				CLANG_WARN_OBJC_LITERAL_CONVERSION = YES;
				CLANG_WARN_OBJC_ROOT_CLASS = YES_ERROR;
				CLANG_WARN_QUOTED_INCLUDE_IN_FRAMEWORK_HEADER = YES;
				CLANG_WARN_RANGE_LOOP_ANALYSIS = YES;
				CLANG_WARN_STRICT_PROTOTYPES = YES;
				CLANG_WARN_SUSPICIOUS_MOVE = YES;
				CLANG_WARN_UNGUARDED_AVAILABILITY = YES_AGGRESSIVE;
				CLANG_WARN_UNREACHABLE_CODE = YES;
				CLANG_WARN__DUPLICATE_METHOD_MATCH = YES;
				COPY_PHASE_STRIP = NO;
				DEBUG_INFORMATION_FORMAT = dwarf;
				DEVELOPMENT_TEAM = 7MS53B2RB2;
				ENABLE_STRICT_OBJC_MSGSEND = YES;
				ENABLE_TESTABILITY = YES;
				ENABLE_USER_SCRIPT_SANDBOXING = YES;
				GCC_C_LANGUAGE_STANDARD = gnu17;
				GCC_DYNAMIC_NO_PIC = NO;
				GCC_NO_COMMON_BLOCKS = YES;
				GCC_OPTIMIZATION_LEVEL = 0;
				GCC_PREPROCESSOR_DEFINITIONS = (
					"DEBUG=1",
					"$(inherited)",
				);
				GCC_WARN_64_TO_32_BIT_CONVERSION = YES;
				GCC_WARN_ABOUT_RETURN_TYPE = YES_ERROR;
				GCC_WARN_UNDECLARED_SELECTOR = YES;
				GCC_WARN_UNINITIALIZED_AUTOS = YES_AGGRESSIVE;
				GCC_WARN_UNUSED_FUNCTION = YES;
				GCC_WARN_UNUSED_VARIABLE = YES;
				IPHONEOS_DEPLOYMENT_TARGET = 18.5;
				LOCALIZATION_PREFERS_STRING_CATALOGS = YES;
				MTL_ENABLE_DEBUG_INFO = INCLUDE_SOURCE;
				MTL_FAST_MATH = YES;
				ONLY_ACTIVE_ARCH = YES;
				SDKROOT = iphoneos;
				SWIFT_ACTIVE_COMPILATION_CONDITIONS = "DEBUG $(inherited)";
				SWIFT_OPTIMIZATION_LEVEL = "-Onone";
			};
			name = Debug;
		};
		0CFFD3D22DEFCEE900403B0D /* Release */ = {
			isa = XCBuildConfiguration;
			buildSettings = {
				ALWAYS_SEARCH_USER_PATHS = NO;
				ASSETCATALOG_COMPILER_GENERATE_SWIFT_ASSET_SYMBOL_EXTENSIONS = YES;
				CLANG_ANALYZER_NONNULL = YES;
				CLANG_ANALYZER_NUMBER_OBJECT_CONVERSION = YES_AGGRESSIVE;
				CLANG_CXX_LANGUAGE_STANDARD = "gnu++20";
				CLANG_ENABLE_MODULES = YES;
				CLANG_ENABLE_OBJC_ARC = YES;
				CLANG_ENABLE_OBJC_WEAK = YES;
				CLANG_WARN_BLOCK_CAPTURE_AUTORELEASING = YES;
				CLANG_WARN_BOOL_CONVERSION = YES;
				CLANG_WARN_COMMA = YES;
				CLANG_WARN_CONSTANT_CONVERSION = YES;
				CLANG_WARN_DEPRECATED_OBJC_IMPLEMENTATIONS = YES;
				CLANG_WARN_DIRECT_OBJC_ISA_USAGE = YES_ERROR;
				CLANG_WARN_DOCUMENTATION_COMMENTS = YES;
				CLANG_WARN_EMPTY_BODY = YES;
				CLANG_WARN_ENUM_CONVERSION = YES;
				CLANG_WARN_INFINITE_RECURSION = YES;
				CLANG_WARN_INT_CONVERSION = YES;
				CLANG_WARN_NON_LITERAL_NULL_CONVERSION = YES;
				CLANG_WARN_OBJC_IMPLICIT_RETAIN_SELF = YES;
				CLANG_WARN_OBJC_LITERAL_CONVERSION = YES;
				CLANG_WARN_OBJC_ROOT_CLASS = YES_ERROR;
				CLANG_WARN_QUOTED_INCLUDE_IN_FRAMEWORK_HEADER = YES;
				CLANG_WARN_RANGE_LOOP_ANALYSIS = YES;
				CLANG_WARN_STRICT_PROTOTYPES = YES;
				CLANG_WARN_SUSPICIOUS_MOVE = YES;
				CLANG_WARN_UNGUARDED_AVAILABILITY = YES_AGGRESSIVE;
				CLANG_WARN_UNREACHABLE_CODE = YES;
				CLANG_WARN__DUPLICATE_METHOD_MATCH = YES;
				COPY_PHASE_STRIP = NO;
				DEBUG_INFORMATION_FORMAT = "dwarf-with-dsym";
				DEVELOPMENT_TEAM = 7MS53B2RB2;
				ENABLE_NS_ASSERTIONS = NO;
				ENABLE_STRICT_OBJC_MSGSEND = YES;
				ENABLE_USER_SCRIPT_SANDBOXING = YES;
				GCC_C_LANGUAGE_STANDARD = gnu17;
				GCC_NO_COMMON_BLOCKS = YES;
				GCC_WARN_64_TO_32_BIT_CONVERSION = YES;
				GCC_WARN_ABOUT_RETURN_TYPE = YES_ERROR;
				GCC_WARN_UNDECLARED_SELECTOR = YES;
				GCC_WARN_UNINITIALIZED_AUTOS = YES_AGGRESSIVE;
				GCC_WARN_UNUSED_FUNCTION = YES;
				GCC_WARN_UNUSED_VARIABLE = YES;
				IPHONEOS_DEPLOYMENT_TARGET = 18.5;
				LOCALIZATION_PREFERS_STRING_CATALOGS = YES;
				MTL_ENABLE_DEBUG_INFO = NO;
				MTL_FAST_MATH = YES;
				SDKROOT = iphoneos;
				SWIFT_COMPILATION_MODE = wholemodule;
				VALIDATE_PRODUCT = YES;
			};
			name = Release;
		};
		0CFFD3D42DEFCEE900403B0D /* Debug */ = {
			isa = XCBuildConfiguration;
			buildSettings = {
				BUNDLE_LOADER = "$(TEST_HOST)";
				CODE_SIGN_STYLE = Automatic;
				CURRENT_PROJECT_VERSION = 1;
				DEVELOPMENT_TEAM = 7MS53B2RB2;
				GENERATE_INFOPLIST_FILE = YES;
				IPHONEOS_DEPLOYMENT_TARGET = 18.5;
				MARKETING_VERSION = 1.0;
				PRODUCT_BUNDLE_IDENTIFIER = com.thanhhvt.TymeXAssignmentUIKitTests;
				PRODUCT_NAME = "$(TARGET_NAME)";
				SWIFT_EMIT_LOC_STRINGS = NO;
				SWIFT_VERSION = 5.0;
				TARGETED_DEVICE_FAMILY = "1,2";
				TEST_HOST = "$(BUILT_PRODUCTS_DIR)/TymeXAssignmentUIKit.app/$(BUNDLE_EXECUTABLE_FOLDER_PATH)/TymeXAssignmentUIKit";
			};
			name = Debug;
		};
		0CFFD3D52DEFCEE900403B0D /* Release */ = {
			isa = XCBuildConfiguration;
			buildSettings = {
				BUNDLE_LOADER = "$(TEST_HOST)";
				CODE_SIGN_STYLE = Automatic;
				CURRENT_PROJECT_VERSION = 1;
				DEVELOPMENT_TEAM = 7MS53B2RB2;
				GENERATE_INFOPLIST_FILE = YES;
				IPHONEOS_DEPLOYMENT_TARGET = 18.5;
				MARKETING_VERSION = 1.0;
				PRODUCT_BUNDLE_IDENTIFIER = com.thanhhvt.TymeXAssignmentUIKitTests;
				PRODUCT_NAME = "$(TARGET_NAME)";
				SWIFT_EMIT_LOC_STRINGS = NO;
				SWIFT_VERSION = 5.0;
				TARGETED_DEVICE_FAMILY = "1,2";
				TEST_HOST = "$(BUILT_PRODUCTS_DIR)/TymeXAssignmentUIKit.app/$(BUNDLE_EXECUTABLE_FOLDER_PATH)/TymeXAssignmentUIKit";
			};
			name = Release;
		};
		0CFFD3D72DEFCEE900403B0D /* Debug */ = {
			isa = XCBuildConfiguration;
			buildSettings = {
				CODE_SIGN_STYLE = Automatic;
				CURRENT_PROJECT_VERSION = 1;
				DEVELOPMENT_TEAM = 7MS53B2RB2;
				GENERATE_INFOPLIST_FILE = YES;
				MARKETING_VERSION = 1.0;
				PRODUCT_BUNDLE_IDENTIFIER = com.thanhhvt.TymeXAssignmentUIKitUITests;
				PRODUCT_NAME = "$(TARGET_NAME)";
				SWIFT_EMIT_LOC_STRINGS = NO;
				SWIFT_VERSION = 5.0;
				TARGETED_DEVICE_FAMILY = "1,2";
				TEST_TARGET_NAME = TymeXAssignmentUIKit;
			};
			name = Debug;
		};
		0CFFD3D82DEFCEE900403B0D /* Release */ = {
			isa = XCBuildConfiguration;
			buildSettings = {
				CODE_SIGN_STYLE = Automatic;
				CURRENT_PROJECT_VERSION = 1;
				DEVELOPMENT_TEAM = 7MS53B2RB2;
				GENERATE_INFOPLIST_FILE = YES;
				MARKETING_VERSION = 1.0;
				PRODUCT_BUNDLE_IDENTIFIER = com.thanhhvt.TymeXAssignmentUIKitUITests;
				PRODUCT_NAME = "$(TARGET_NAME)";
				SWIFT_EMIT_LOC_STRINGS = NO;
				SWIFT_VERSION = 5.0;
				TARGETED_DEVICE_FAMILY = "1,2";
				TEST_TARGET_NAME = TymeXAssignmentUIKit;
			};
			name = Release;
		};
/* End XCBuildConfiguration section */

/* Begin XCConfigurationList section */
		0CFFD3A02DEFCEE700403B0D /* Build configuration list for PBXProject "TymeXAssignmentUIKit" */ = {
			isa = XCConfigurationList;
			buildConfigurations = (
				0CFFD3D12DEFCEE900403B0D /* Debug */,
				0CFFD3D22DEFCEE900403B0D /* Release */,
			);
			defaultConfigurationIsVisible = 0;
			defaultConfigurationName = Release;
		};
		0CFFD3CE2DEFCEE900403B0D /* Build configuration list for PBXNativeTarget "TymeXAssignmentUIKit" */ = {
			isa = XCConfigurationList;
			buildConfigurations = (
				0CFFD3CF2DEFCEE900403B0D /* Debug */,
				0CFFD3D02DEFCEE900403B0D /* Release */,
			);
			defaultConfigurationIsVisible = 0;
			defaultConfigurationName = Release;
		};
		0CFFD3D32DEFCEE900403B0D /* Build configuration list for PBXNativeTarget "TymeXAssignmentUIKitTests" */ = {
			isa = XCConfigurationList;
			buildConfigurations = (
				0CFFD3D42DEFCEE900403B0D /* Debug */,
				0CFFD3D52DEFCEE900403B0D /* Release */,
			);
			defaultConfigurationIsVisible = 0;
			defaultConfigurationName = Release;
		};
		0CFFD3D62DEFCEE900403B0D /* Build configuration list for PBXNativeTarget "TymeXAssignmentUIKitUITests" */ = {
			isa = XCConfigurationList;
			buildConfigurations = (
				0CFFD3D72DEFCEE900403B0D /* Debug */,
				0CFFD3D82DEFCEE900403B0D /* Release */,
			);
			defaultConfigurationIsVisible = 0;
			defaultConfigurationName = Release;
		};
/* End XCConfigurationList section */

/* Begin XCRemoteSwiftPackageReference section */
		0CFFD3F82DEFD27400403B0D /* XCRemoteSwiftPackageReference "realm-swift" */ = {
			isa = XCRemoteSwiftPackageReference;
			repositoryURL = "https://github.com/realm/realm-swift.git";
			requirement = {
				kind = exactVersion;
				version = 20.0.0;
			};
		};
		0CFFD3FB2DEFE14300403B0D /* XCRemoteSwiftPackageReference "Kingfisher" */ = {
			isa = XCRemoteSwiftPackageReference;
			repositoryURL = "https://github.com/onevcat/Kingfisher.git";
			requirement = {
				kind = exactVersion;
				version = 8.3.2;
			};
		};
		0CFFD3FE2DEFE18A00403B0D /* XCRemoteSwiftPackageReference "Swinject" */ = {
			isa = XCRemoteSwiftPackageReference;
			repositoryURL = "https://github.com/Swinject/Swinject.git";
			requirement = {
				kind = exactVersion;
				version = 2.9.1;
			};
		};
		0CFFD4012DEFE1A300403B0D /* XCRemoteSwiftPackageReference "SnapKit" */ = {
			isa = XCRemoteSwiftPackageReference;
			repositoryURL = "https://github.com/SnapKit/SnapKit.git";
			requirement = {
				kind = upToNextMinorVersion;
				minimumVersion = 5.7.1;
			};
		};
		0CFFD4042DEFE31300403B0D /* XCRemoteSwiftPackageReference "RxSwift" */ = {
			isa = XCRemoteSwiftPackageReference;
			repositoryURL = "https://github.com/ReactiveX/RxSwift.git";
			requirement = {
				kind = exactVersion;
				version = 6.9.0;
			};
		};
		0CFFD40F2DEFE36B00403B0D /* XCRemoteSwiftPackageReference "Moya" */ = {
			isa = XCRemoteSwiftPackageReference;
			repositoryURL = "https://github.com/Moya/Moya.git";
			requirement = {
				kind = exactVersion;
				version = 15.0.3;
			};
		};
/* End XCRemoteSwiftPackageReference section */

/* Begin XCSwiftPackageProductDependency section */
		0CFFD3F92DEFD27400403B0D /* RealmSwift */ = {
			isa = XCSwiftPackageProductDependency;
			package = 0CFFD3F82DEFD27400403B0D /* XCRemoteSwiftPackageReference "realm-swift" */;
			productName = RealmSwift;
		};
		0CFFD3FC2DEFE14300403B0D /* Kingfisher */ = {
			isa = XCSwiftPackageProductDependency;
			package = 0CFFD3FB2DEFE14300403B0D /* XCRemoteSwiftPackageReference "Kingfisher" */;
			productName = Kingfisher;
		};
		0CFFD3FF2DEFE18A00403B0D /* Swinject */ = {
			isa = XCSwiftPackageProductDependency;
			package = 0CFFD3FE2DEFE18A00403B0D /* XCRemoteSwiftPackageReference "Swinject" */;
			productName = Swinject;
		};
		0CFFD4022DEFE1A300403B0D /* SnapKit */ = {
			isa = XCSwiftPackageProductDependency;
			package = 0CFFD4012DEFE1A300403B0D /* XCRemoteSwiftPackageReference "SnapKit" */;
			productName = SnapKit;
		};
		0CFFD4072DEFE31300403B0D /* RxCocoa */ = {
			isa = XCSwiftPackageProductDependency;
			package = 0CFFD4042DEFE31300403B0D /* XCRemoteSwiftPackageReference "RxSwift" */;
			productName = RxCocoa;
		};
		0CFFD4092DEFE31300403B0D /* RxRelay */ = {
			isa = XCSwiftPackageProductDependency;
			package = 0CFFD4042DEFE31300403B0D /* XCRemoteSwiftPackageReference "RxSwift" */;
			productName = RxRelay;
		};
		0CFFD40B2DEFE31300403B0D /* RxSwift */ = {
			isa = XCSwiftPackageProductDependency;
			package = 0CFFD4042DEFE31300403B0D /* XCRemoteSwiftPackageReference "RxSwift" */;
			productName = RxSwift;
		};
		0CFFD4102DEFE36B00403B0D /* Moya */ = {
			isa = XCSwiftPackageProductDependency;
			package = 0CFFD40F2DEFE36B00403B0D /* XCRemoteSwiftPackageReference "Moya" */;
			productName = Moya;
		};
/* End XCSwiftPackageProductDependency section */
	};
	rootObject = 0CFFD39D2DEFCEE700403B0D /* Project object */;
}
